
Microsoft Visual Studio Solution File, Format Version 12.00
# Visual Studio 15
Project("{FAE04EC0-301F-11D3-BF4B-00C04F79EFBC}") = "Assembly-CSharp", "Assembly-CSharp.csproj", "{16BAD719-F7A6-6355-8876-CAF2EA9FC224}"
EndProject
Project("{FAE04EC0-301F-11D3-BF4B-00C04F79EFBC}") = "Assembly-CSharp-Editor", "Assembly-CSharp-Editor.csproj", "{B6347339-44B1-DF1F-A00A-DFBA33CBD1E3}"
EndProject
Global
	GlobalSection(SolutionConfigurationPlatforms) = preSolution
		Debug|Any CPU = Debug|Any CPU
		Release|Any CPU = Release|Any CPU
	EndGlobalSection
	GlobalSection(ProjectConfigurationPlatforms) = postSolution
		{16BAD719-F7A6-6355-8876-CAF2EA9FC224}.Debug|Any CPU.ActiveCfg = Debug|Any CPU
		{16BAD719-F7A6-6355-8876-CAF2EA9FC224}.Debug|Any CPU.Build.0 = Debug|Any CPU
		{16BAD719-F7A6-6355-8876-CAF2EA9FC224}.Release|Any CPU.ActiveCfg = Release|Any CPU
		{16BAD719-F7A6-6355-8876-CAF2EA9FC224}.Release|Any CPU.Build.0 = Release|Any CPU
		{B6347339-44B1-DF1F-A00A-DFBA33CBD1E3}.Debug|Any CPU.ActiveCfg = Debug|Any CPU
		{B6347339-44B1-DF1F-A00A-DFBA33CBD1E3}.Debug|Any CPU.Build.0 = Debug|Any CPU
		{B6347339-44B1-DF1F-A00A-DFBA33CBD1E3}.Release|Any CPU.ActiveCfg = Release|Any CPU
		{B6347339-44B1-DF1F-A00A-DFBA33CBD1E3}.Release|Any CPU.Build.0 = Release|Any CPU
	EndGlobalSection
	GlobalSection(SolutionProperties) = preSolution
		HideSolutionNode = FALSE
	EndGlobalSection
EndGlobal
