
Microsoft Visual Studio Solution File, Format Version 12.00
# Visual Studio 15
Project("{FAE04EC0-301F-11D3-BF4B-00C04F79EFBC}") = "Assembly-CSharp-Editor", "Assembly-CSharp-Editor.csproj", "{0A488A37-5D79-4236-0774-821643A0E732}"
EndProject
Project("{FAE04EC0-301F-11D3-BF4B-00C04F79EFBC}") = "Assembly-CSharp", "Assembly-CSharp.csproj", "{8B24103E-EE1C-9630-1BCF-F168A26AC788}"
EndProject
Global
	GlobalSection(SolutionConfigurationPlatforms) = preSolution
		Debug|Any CPU = Debug|Any CPU
		Release|Any CPU = Release|Any CPU
	EndGlobalSection
	GlobalSection(ProjectConfigurationPlatforms) = postSolution
		{0A488A37-5D79-4236-0774-821643A0E732}.Debug|Any CPU.ActiveCfg = Debug|Any CPU
		{0A488A37-5D79-4236-0774-821643A0E732}.Debug|Any CPU.Build.0 = Debug|Any CPU
		{0A488A37-5D79-4236-0774-821643A0E732}.Release|Any CPU.ActiveCfg = Release|Any CPU
		{0A488A37-5D79-4236-0774-821643A0E732}.Release|Any CPU.Build.0 = Release|Any CPU
		{8B24103E-EE1C-9630-1BCF-F168A26AC788}.Debug|Any CPU.ActiveCfg = Debug|Any CPU
		{8B24103E-EE1C-9630-1BCF-F168A26AC788}.Debug|Any CPU.Build.0 = Debug|Any CPU
		{8B24103E-EE1C-9630-1BCF-F168A26AC788}.Release|Any CPU.ActiveCfg = Release|Any CPU
		{8B24103E-EE1C-9630-1BCF-F168A26AC788}.Release|Any CPU.Build.0 = Release|Any CPU
	EndGlobalSection
	GlobalSection(SolutionProperties) = preSolution
		HideSolutionNode = FALSE
	EndGlobalSection
EndGlobal
